// !$*UTF8*$!
{
	archiveVersion = 1;
	classes = {
	};
	objectVersion = 77;
	objects = {

/* Begin PBXBuildFile section */
		136BB3C82FC47AC200078068 /* Caliper in Frameworks */ = {isa = PBXBuildFile; productRef = 136BB3C72FC47AC200078068 /* Caliper */; };
		136BB3CA2FC47AC200078068 /* CaliperCore in Frameworks */ = {isa = PBXBuildFile; productRef = 136BB3C92FC47AC200078068 /* CaliperCore */; };
		136BB3CC2FC47AC200078068 /* CaliperDashboards in Frameworks */ = {isa = PBXBuildFile; productRef = 136BB3CB2FC47AC200078068 /* CaliperDashboards */; };
		136BB3CE2FC47AC200078068 /* CaliperExporters in Frameworks */ = {isa = PBXBuildFile; productRef = 136BB3CD2FC47AC200078068 /* CaliperExporters */; };
		136BB3D02FC47AC200078068 /* CaliperRuntimeAdapters in Frameworks */ = {isa = PBXBuildFile; productRef = 136BB3CF2FC47AC200078068 /* CaliperRuntimeAdapters */; };
		136BB3D22FC47AC200078068 /* CaliperTelemetry in Frameworks */ = {isa = PBXBuildFile; productRef = 136BB3D12FC47AC200078068 /* CaliperTelemetry */; };
		136BB3D42FC47AC200078068 /* CaliperValidators in Frameworks */ = {isa = PBXBuildFile; productRef = 136BB3D32FC47AC200078068 /* CaliperValidators */; };
		136BB3D62FC47AC200078068 /* CaliperWorkloads in Frameworks */ = {isa = PBXBuildFile; productRef = 136BB3D52FC47AC200078068 /* CaliperWorkloads */; };
/* End PBXBuildFile section */

/* Begin PBXContainerItemProxy section */
		136BB3A22FC4750A00078068 /* PBXContainerItemProxy */ = {
			isa = PBXContainerItemProxy;
			containerPortal = 136BB38C2FC4750900078068 /* Project object */;
			proxyType = 1;
			remoteGlobalIDString = 136BB3932FC4750900078068;
			remoteInfo = SampleCaliperApp;
		};
		136BB3AC2FC4750A00078068 /* PBXContainerItemProxy */ = {
			isa = PBXContainerItemProxy;
			containerPortal = 136BB38C2FC4750900078068 /* Project object */;
			proxyType = 1;
			remoteGlobalIDString = 136BB3932FC4750900078068;
			remoteInfo = SampleCaliperApp;
		};
/* End PBXContainerItemProxy section */

/* Begin PBXCopyFilesBuildPhase section */
		136BB3EC2FC5B7FC00078068 /* Embed Frameworks */ = {
			isa = PBXCopyFilesBuildPhase;
			buildActionMask = 2147483647;
			dstPath = "";
			dstSubfolderSpec = 10;
			files = (
			);
			name = "Embed Frameworks";
			runOnlyForDeploymentPostprocessing = 0;
		};
/* End PBXCopyFilesBuildPhase section */

/* Begin PBXFileReference section */
		136BB3942FC4750900078068 /* SampleCaliperApp.app */ = {isa = PBXFileReference; explicitFileType = wrapper.application; includeInIndex = 0; path = SampleCaliperApp.app; sourceTree = BUILT_PRODUCTS_DIR; };
		136BB3A12FC4750A00078068 /* SampleCaliperAppTests.xctest */ = {isa = PBXFileReference; explicitFileType = wrapper.cfbundle; includeInIndex = 0; path = SampleCaliperAppTests.xctest; sourceTree = BUILT_PRODUCTS_DIR; };
		136BB3AB2FC4750A00078068 /* SampleCaliperAppUITests.xctest */ = {isa = PBXFileReference; explicitFileType = wrapper.cfbundle; includeInIndex = 0; path = SampleCaliperAppUITests.xctest; sourceTree = BUILT_PRODUCTS_DIR; };
		136BB3BE2FC4796700078068 /* CaliperSession.swift */ = {isa = PBXFileReference; lastKnownFileType = sourcecode.swift; path = CaliperSession.swift; sourceTree = "<group>"; };
		136BB3BF2FC4796700078068 /* InferenceModels.swift */ = {isa = PBXFileReference; lastKnownFileType = sourcecode.swift; path = InferenceModels.swift; sourceTree = "<group>"; };
		136BB3C02FC4796700078068 /* InferenceRuntime.swift */ = {isa = PBXFileReference; lastKnownFileType = sourcecode.swift; path = InferenceRuntime.swift; sourceTree = "<group>"; };
		136BB3C12FC4796700078068 /* TelemetryEvent.swift */ = {isa = PBXFileReference; lastKnownFileType = sourcecode.swift; path = TelemetryEvent.swift; sourceTree = "<group>"; };
		136CA6012FC5C5AD0037DFC9 /* tinyllama-1.1b-chat-v1.0.Q2_K.gguf */ = {isa = PBXFileReference; lastKnownFileType = file; name = "tinyllama-1.1b-chat-v1.0.Q2_K.gguf"; path = "SampleCaliperApp/tinyllama-1.1b-chat-v1.0.Q2_K.gguf"; sourceTree = "<group>"; };
/* End PBXFileReference section */

/* Begin PBXFileSystemSynchronizedGroupBuildPhaseMembershipExceptionSet section */
		136BB3ED2FC5B7FC00078068 /* Exceptions for "SampleCaliperApp" folder in "Embed Frameworks" phase from "SampleCaliperApp" target */ = {
			isa = PBXFileSystemSynchronizedGroupBuildPhaseMembershipExceptionSet;
			attributesByRelativePath = {
				llama.xcframework = (CodeSignOnCopy, RemoveHeadersOnCopy, );
			};
			buildPhase = 136BB3EC2FC5B7FC00078068 /* Embed Frameworks */;
			membershipExceptions = (
				llama.xcframework,
			);
		};
/* End PBXFileSystemSynchronizedGroupBuildPhaseMembershipExceptionSet section */

/* Begin PBXFileSystemSynchronizedRootGroup section */
		136BB3962FC4750900078068 /* SampleCaliperApp */ = {
			isa = PBXFileSystemSynchronizedRootGroup;
			exceptions = (
				136BB3ED2FC5B7FC00078068 /* Exceptions for "SampleCaliperApp" folder in "Embed Frameworks" phase from "SampleCaliperApp" target */,
			);
			path = SampleCaliperApp;
			sourceTree = "<group>";
		};
		136BB3A42FC4750A00078068 /* SampleCaliperAppTests */ = {
			isa = PBXFileSystemSynchronizedRootGroup;
			path = SampleCaliperAppTests;
			sourceTree = "<group>";
		};
		136BB3AE2FC4750A00078068 /* SampleCaliperAppUITests */ = {
			isa = PBXFileSystemSynchronizedRootGroup;
			path = SampleCaliperAppUITests;
			sourceTree = "<group>";
		};
/* End PBXFileSystemSynchronizedRootGroup section */

/* Begin PBXFrameworksBuildPhase section */
		136BB3912FC4750900078068 /* Frameworks */ = {
			isa = PBXFrameworksBuildPhase;
			buildActionMask = 2147483647;
			files = (
				136BB3CE2FC47AC200078068 /* CaliperExporters in Frameworks */,
				136BB3CC2FC47AC200078068 /* CaliperDashboards in Frameworks */,
				136BB3D02FC47AC200078068 /* CaliperRuntimeAdapters in Frameworks */,
				136BB3D22FC47AC200078068 /* CaliperTelemetry in Frameworks */,
				136BB3D42FC47AC200078068 /* CaliperValidators in Frameworks */,
				136BB3CA2FC47AC200078068 /* CaliperCore in Frameworks */,
				136BB3D62FC47AC200078068 /* CaliperWorkloads in Frameworks */,
				136BB3C82FC47AC200078068 /* Caliper in Frameworks */,
			);
			runOnlyForDeploymentPostprocessing = 0;
		};
		136BB39E2FC4750A00078068 /* Frameworks */ = {
			isa = PBXFrameworksBuildPhase;
			buildActionMask = 2147483647;
			files = (
			);
			runOnlyForDeploymentPostprocessing = 0;
		};
		136BB3A82FC4750A00078068 /* Frameworks */ = {
			isa = PBXFrameworksBuildPhase;
			buildActionMask = 2147483647;
			files = (
			);
			runOnlyForDeploymentPostprocessing = 0;
		};
/* End PBXFrameworksBuildPhase section */

/* Begin PBXGroup section */
		136BB38B2FC4750900078068 = {
			isa = PBXGroup;
			children = (
				136CA6012FC5C5AD0037DFC9 /* tinyllama-1.1b-chat-v1.0.Q2_K.gguf */,
				136BB3C42FC4796700078068 /* CaliperCore */,
				136BB3962FC4750900078068 /* SampleCaliperApp */,
				136BB3A42FC4750A00078068 /* SampleCaliperAppTests */,
				136BB3AE2FC4750A00078068 /* SampleCaliperAppUITests */,
				136BB3952FC4750900078068 /* Products */,
			);
			sourceTree = "<group>";
		};
		136BB3952FC4750900078068 /* Products */ = {
			isa = PBXGroup;
			children = (
				136BB3942FC4750900078068 /* SampleCaliperApp.app */,
				136BB3A12FC4750A00078068 /* SampleCaliperAppTests.xctest */,
				136BB3AB2FC4750A00078068 /* SampleCaliperAppUITests.xctest */,
			);
			name = Products;
			sourceTree = "<group>";
		};
		136BB3C22FC4796700078068 /* CaliperCore */ = {
			isa = PBXGroup;
			children = (
				136BB3BE2FC4796700078068 /* CaliperSession.swift */,
				136BB3BF2FC4796700078068 /* InferenceModels.swift */,
				136BB3C02FC4796700078068 /* InferenceRuntime.swift */,
				136BB3C12FC4796700078068 /* TelemetryEvent.swift */,
			);
			path = CaliperCore;
			sourceTree = "<group>";
		};
		136BB3C32FC4796700078068 /* Sources */ = {
			isa = PBXGroup;
			children = (
				136BB3C22FC4796700078068 /* CaliperCore */,
			);
			path = Sources;
			sourceTree = "<group>";
		};
		136BB3C42FC4796700078068 /* CaliperCore */ = {
			isa = PBXGroup;
			children = (
				136BB3C32FC4796700078068 /* Sources */,
			);
			name = CaliperCore;
			path = ../../../Packages/CaliperCore;
			sourceTree = "<group>";
		};
/* End PBXGroup section */

/* Begin PBXNativeTarget section */
		136BB3932FC4750900078068 /* SampleCaliperApp */ = {
			isa = PBXNativeTarget;
			buildConfigurationList = 136BB3B52FC4750A00078068 /* Build configuration list for PBXNativeTarget "SampleCaliperApp" */;
			buildPhases = (
				136BB3902FC4750900078068 /* Sources */,
				136BB3912FC4750900078068 /* Frameworks */,
				136BB3922FC4750900078068 /* Resources */,
				136BB3EC2FC5B7FC00078068 /* Embed Frameworks */,
			);
			buildRules = (
			);
			dependencies = (
			);
			fileSystemSynchronizedGroups = (
				136BB3962FC4750900078068 /* SampleCaliperApp */,
			);
			name = SampleCaliperApp;
			packageProductDependencies = (
				136BB3C72FC47AC200078068 /* Caliper */,
				136BB3C92FC47AC200078068 /* CaliperCore */,
				136BB3CB2FC47AC200078068 /* CaliperDashboards */,
				136BB3CD2FC47AC200078068 /* CaliperExporters */,
				136BB3CF2FC47AC200078068 /* CaliperRuntimeAdapters */,
				136BB3D12FC47AC200078068 /* CaliperTelemetry */,
				136BB3D32FC47AC200078068 /* CaliperValidators */,
				136BB3D52FC47AC200078068 /* CaliperWorkloads */,
			);
			productName = SampleCaliperApp;
			productReference = 136BB3942FC4750900078068 /* SampleCaliperApp.app */;
			productType = "com.apple.product-type.application";
		};
		136BB3A02FC4750A00078068 /* SampleCaliperAppTests */ = {
			isa = PBXNativeTarget;
			buildConfigurationList = 136BB3B82FC4750A00078068 /* Build configuration list for PBXNativeTarget "SampleCaliperAppTests" */;
			buildPhases = (
				136BB39D2FC4750A00078068 /* Sources */,
				136BB39E2FC4750A00078068 /* Frameworks */,
				136BB39F2FC4750A00078068 /* Resources */,
			);
			buildRules = (
			);
			dependencies = (
				136BB3A32FC4750A00078068 /* PBXTargetDependency */,
			);
			fileSystemSynchronizedGroups = (
				136BB3A42FC4750A00078068 /* SampleCaliperAppTests */,
			);
			name = SampleCaliperAppTests;
			packageProductDependencies = (
			);
			productName = SampleCaliperAppTests;
			productReference = 136BB3A12FC4750A00078068 /* SampleCaliperAppTests.xctest */;
			productType = "com.apple.product-type.bundle.unit-test";
		};
		136BB3AA2FC4750A00078068 /* SampleCaliperAppUITests */ = {
			isa = PBXNativeTarget;
			buildConfigurationList = 136BB3BB2FC4750A00078068 /* Build configuration list for PBXNativeTarget "SampleCaliperAppUITests" */;
			buildPhases = (
				136BB3A72FC4750A00078068 /* Sources */,
				136BB3A82FC4750A00078068 /* Frameworks */,
				136BB3A92FC4750A00078068 /* Resources */,
			);
			buildRules = (
			);
			dependencies = (
				136BB3AD2FC4750A00078068 /* PBXTargetDependency */,
			);
			fileSystemSynchronizedGroups = (
				136BB3AE2FC4750A00078068 /* SampleCaliperAppUITests */,
			);
			name = SampleCaliperAppUITests;
			packageProductDependencies = (
			);
			productName = SampleCaliperAppUITests;
			productReference = 136BB3AB2FC4750A00078068 /* SampleCaliperAppUITests.xctest */;
			productType = "com.apple.product-type.bundle.ui-testing";
		};
/* End PBXNativeTarget section */

/* Begin PBXProject section */
		136BB38C2FC4750900078068 /* Project object */ = {
			isa = PBXProject;
			attributes = {
				BuildIndependentTargetsInParallel = 1;
				LastSwiftUpdateCheck = 2620;
				LastUpgradeCheck = 2620;
				TargetAttributes = {
					136BB3932FC4750900078068 = {
						CreatedOnToolsVersion = 26.2;
					};
					136BB3A02FC4750A00078068 = {
						CreatedOnToolsVersion = 26.2;
						TestTargetID = 136BB3932FC4750900078068;
					};
					136BB3AA2FC4750A00078068 = {
						CreatedOnToolsVersion = 26.2;
						TestTargetID = 136BB3932FC4750900078068;
					};
				};
			};
			buildConfigurationList = 136BB38F2FC4750900078068 /* Build configuration list for PBXProject "SampleCaliperApp" */;
			developmentRegion = en;
			hasScannedForEncodings = 0;
			knownRegions = (
				en,
				Base,
			);
			mainGroup = 136BB38B2FC4750900078068;
			minimizedProjectReferenceProxies = 1;
			packageReferences = (
				136BB3C62FC47AC200078068 /* XCLocalSwiftPackageReference "../../../../Caliper" */,
			);
			preferredProjectObjectVersion = 77;
			productRefGroup = 136BB3952FC4750900078068 /* Products */;
			projectDirPath = "";
			projectRoot = "";
			targets = (
				136BB3932FC4750900078068 /* SampleCaliperApp */,
				136BB3A02FC4750A00078068 /* SampleCaliperAppTests */,
				136BB3AA2FC4750A00078068 /* SampleCaliperAppUITests */,
			);
		};
/* End PBXProject section */

/* Begin PBXResourcesBuildPhase section */
		136BB3922FC4750900078068 /* Resources */ = {
			isa = PBXResourcesBuildPhase;
			buildActionMask = 2147483647;
			files = (
			);
			runOnlyForDeploymentPostprocessing = 0;
		};
		136BB39F2FC4750A00078068 /* Resources */ = {
			isa = PBXResourcesBuildPhase;
			buildActionMask = 2147483647;
			files = (
			);
			runOnlyForDeploymentPostprocessing = 0;
		};
		136BB3A92FC4750A00078068 /* Resources */ = {
			isa = PBXResourcesBuildPhase;
			buildActionMask = 2147483647;
			files = (
			);
			runOnlyForDeploymentPostprocessing = 0;
		};
/* End PBXResourcesBuildPhase section */

/* Begin PBXSourcesBuildPhase section */
		136BB3902FC4750900078068 /* Sources */ = {
			isa = PBXSourcesBuildPhase;
			buildActionMask = 2147483647;
			files = (
			);
			runOnlyForDeploymentPostprocessing = 0;
		};
		136BB39D2FC4750A00078068 /* Sources */ = {
			isa = PBXSourcesBuildPhase;
			buildActionMask = 2147483647;
			files = (
			);
			runOnlyForDeploymentPostprocessing = 0;
		};
		136BB3A72FC4750A00078068 /* Sources */ = {
			isa = PBXSourcesBuildPhase;
			buildActionMask = 2147483647;
			files = (
			);
			runOnlyForDeploymentPostprocessing = 0;
		};
/* End PBXSourcesBuildPhase section */

/* Begin PBXTargetDependency section */
		136BB3A32FC4750A00078068 /* PBXTargetDependency */ = {
			isa = PBXTargetDependency;
			target = 136BB3932FC4750900078068 /* SampleCaliperApp */;
			targetProxy = 136BB3A22FC4750A00078068 /* PBXContainerItemProxy */;
		};
		136BB3AD2FC4750A00078068 /* PBXTargetDependency */ = {
			isa = PBXTargetDependency;
			target = 136BB3932FC4750900078068 /* SampleCaliperApp */;
			targetProxy = 136BB3AC2FC4750A00078068 /* PBXContainerItemProxy */;
		};
/* End PBXTargetDependency section */

/* Begin XCBuildConfiguration section */
		136BB3B32FC4750A00078068 /* Debug */ = {
			isa = XCBuildConfiguration;
			buildSettings = {
				ALWAYS_SEARCH_USER_PATHS = NO;
				ASSETCATALOG_COMPILER_GENERATE_SWIFT_ASSET_SYMBOL_EXTENSIONS = YES;
				CLANG_ANALYZER_NONNULL = YES;
				CLANG_ANALYZER_NUMBER_OBJECT_CONVERSION = YES_AGGRESSIVE;
				CLANG_CXX_LANGUAGE_STANDARD = "gnu++20";
				CLANG_ENABLE_MODULES = YES;
				CLANG_ENABLE_OBJC_ARC = YES;
				CLANG_ENABLE_OBJC_WEAK = YES;
				CLANG_WARN_BLOCK_CAPTURE_AUTORELEASING = YES;
				CLANG_WARN_BOOL_CONVERSION = YES;
				CLANG_WARN_COMMA = YES;
				CLANG_WARN_CONSTANT_CONVERSION = YES;
				CLANG_WARN_DEPRECATED_OBJC_IMPLEMENTATIONS = YES;
				CLANG_WARN_DIRECT_OBJC_ISA_USAGE = YES_ERROR;
				CLANG_WARN_DOCUMENTATION_COMMENTS = YES;
				CLANG_WARN_EMPTY_BODY = YES;
				CLANG_WARN_ENUM_CONVERSION = YES;
				CLANG_WARN_INFINITE_RECURSION = YES;
				CLANG_WARN_INT_CONVERSION = YES;
				CLANG_WARN_NON_LITERAL_NULL_CONVERSION = YES;
				CLANG_WARN_OBJC_IMPLICIT_RETAIN_SELF = YES;
				CLANG_WARN_OBJC_LITERAL_CONVERSION = YES;
				CLANG_WARN_OBJC_ROOT_CLASS = YES_ERROR;
				CLANG_WARN_QUOTED_INCLUDE_IN_FRAMEWORK_HEADER = YES;
				CLANG_WARN_RANGE_LOOP_ANALYSIS = YES;
				CLANG_WARN_STRICT_PROTOTYPES = YES;
				CLANG_WARN_SUSPICIOUS_MOVE = YES;
				CLANG_WARN_UNGUARDED_AVAILABILITY = YES_AGGRESSIVE;
				CLANG_WARN_UNREACHABLE_CODE = YES;
				CLANG_WARN__DUPLICATE_METHOD_MATCH = YES;
				COPY_PHASE_STRIP = NO;
				DEBUG_INFORMATION_FORMAT = dwarf;
				DEVELOPMENT_TEAM = 989Q8YDUCA;
				ENABLE_STRICT_OBJC_MSGSEND = YES;
				ENABLE_TESTABILITY = YES;
				ENABLE_USER_SCRIPT_SANDBOXING = YES;
				GCC_C_LANGUAGE_STANDARD = gnu17;
				GCC_DYNAMIC_NO_PIC = NO;
				GCC_NO_COMMON_BLOCKS = YES;
				GCC_OPTIMIZATION_LEVEL = 0;
				GCC_PREPROCESSOR_DEFINITIONS = (
					"DEBUG=1",
					"$(inherited)",
				);
				GCC_WARN_64_TO_32_BIT_CONVERSION = YES;
				GCC_WARN_ABOUT_RETURN_TYPE = YES_ERROR;
				GCC_WARN_UNDECLARED_SELECTOR = YES;
				GCC_WARN_UNINITIALIZED_AUTOS = YES_AGGRESSIVE;
				GCC_WARN_UNUSED_FUNCTION = YES;
				GCC_WARN_UNUSED_VARIABLE = YES;
				LOCALIZATION_PREFERS_STRING_CATALOGS = YES;
				MTL_ENABLE_DEBUG_INFO = INCLUDE_SOURCE;
				MTL_FAST_MATH = YES;
				ONLY_ACTIVE_ARCH = YES;
				SWIFT_ACTIVE_COMPILATION_CONDITIONS = "DEBUG $(inherited)";
				SWIFT_OPTIMIZATION_LEVEL = "-Onone";
			};
			name = Debug;
		};
		136BB3B42FC4750A00078068 /* Release */ = {
			isa = XCBuildConfiguration;
			buildSettings = {
				ALWAYS_SEARCH_USER_PATHS = NO;
				ASSETCATALOG_COMPILER_GENERATE_SWIFT_ASSET_SYMBOL_EXTENSIONS = YES;
				CLANG_ANALYZER_NONNULL = YES;
				CLANG_ANALYZER_NUMBER_OBJECT_CONVERSION = YES_AGGRESSIVE;
				CLANG_CXX_LANGUAGE_STANDARD = "gnu++20";
				CLANG_ENABLE_MODULES = YES;
				CLANG_ENABLE_OBJC_ARC = YES;
				CLANG_ENABLE_OBJC_WEAK = YES;
				CLANG_WARN_BLOCK_CAPTURE_AUTORELEASING = YES;
				CLANG_WARN_BOOL_CONVERSION = YES;
				CLANG_WARN_COMMA = YES;
				CLANG_WARN_CONSTANT_CONVERSION = YES;
				CLANG_WARN_DEPRECATED_OBJC_IMPLEMENTATIONS = YES;
				CLANG_WARN_DIRECT_OBJC_ISA_USAGE = YES_ERROR;
				CLANG_WARN_DOCUMENTATION_COMMENTS = YES;
				CLANG_WARN_EMPTY_BODY = YES;
				CLANG_WARN_ENUM_CONVERSION = YES;
				CLANG_WARN_INFINITE_RECURSION = YES;
				CLANG_WARN_INT_CONVERSION = YES;
				CLANG_WARN_NON_LITERAL_NULL_CONVERSION = YES;
				CLANG_WARN_OBJC_IMPLICIT_RETAIN_SELF = YES;
				CLANG_WARN_OBJC_LITERAL_CONVERSION = YES;
				CLANG_WARN_OBJC_ROOT_CLASS = YES_ERROR;
				CLANG_WARN_QUOTED_INCLUDE_IN_FRAMEWORK_HEADER = YES;
				CLANG_WARN_RANGE_LOOP_ANALYSIS = YES;
				CLANG_WARN_STRICT_PROTOTYPES = YES;
				CLANG_WARN_SUSPICIOUS_MOVE = YES;
				CLANG_WARN_UNGUARDED_AVAILABILITY = YES_AGGRESSIVE;
				CLANG_WARN_UNREACHABLE_CODE = YES;
				CLANG_WARN__DUPLICATE_METHOD_MATCH = YES;
				COPY_PHASE_STRIP = NO;
				DEBUG_INFORMATION_FORMAT = "dwarf-with-dsym";
				DEVELOPMENT_TEAM = 989Q8YDUCA;
				ENABLE_NS_ASSERTIONS = NO;
				ENABLE_STRICT_OBJC_MSGSEND = YES;
				ENABLE_USER_SCRIPT_SANDBOXING = YES;
				GCC_C_LANGUAGE_STANDARD = gnu17;
				GCC_NO_COMMON_BLOCKS = YES;
				GCC_WARN_64_TO_32_BIT_CONVERSION = YES;
				GCC_WARN_ABOUT_RETURN_TYPE = YES_ERROR;
				GCC_WARN_UNDECLARED_SELECTOR = YES;
				GCC_WARN_UNINITIALIZED_AUTOS = YES_AGGRESSIVE;
				GCC_WARN_UNUSED_FUNCTION = YES;
				GCC_WARN_UNUSED_VARIABLE = YES;
				LOCALIZATION_PREFERS_STRING_CATALOGS = YES;
				MTL_ENABLE_DEBUG_INFO = NO;
				MTL_FAST_MATH = YES;
				SWIFT_COMPILATION_MODE = wholemodule;
			};
			name = Release;
		};
		136BB3B62FC4750A00078068 /* Debug */ = {
			isa = XCBuildConfiguration;
			buildSettings = {
				ASSETCATALOG_COMPILER_APPICON_NAME = AppIcon;
				ASSETCATALOG_COMPILER_GLOBAL_ACCENT_COLOR_NAME = AccentColor;
				CODE_SIGN_STYLE = Automatic;
				CURRENT_PROJECT_VERSION = 1;
				DEVELOPMENT_TEAM = 989Q8YDUCA;
				ENABLE_APP_SANDBOX = YES;
				ENABLE_HARDENED_RUNTIME = YES;
				ENABLE_PREVIEWS = YES;
				ENABLE_USER_SELECTED_FILES = readonly;
				GENERATE_INFOPLIST_FILE = YES;
				"INFOPLIST_KEY_UIApplicationSceneManifest_Generation[sdk=iphoneos*]" = YES;
				"INFOPLIST_KEY_UIApplicationSceneManifest_Generation[sdk=iphonesimulator*]" = YES;
				"INFOPLIST_KEY_UIApplicationSupportsIndirectInputEvents[sdk=iphoneos*]" = YES;
				"INFOPLIST_KEY_UIApplicationSupportsIndirectInputEvents[sdk=iphonesimulator*]" = YES;
				"INFOPLIST_KEY_UILaunchScreen_Generation[sdk=iphoneos*]" = YES;
				"INFOPLIST_KEY_UILaunchScreen_Generation[sdk=iphonesimulator*]" = YES;
				"INFOPLIST_KEY_UIStatusBarStyle[sdk=iphoneos*]" = UIStatusBarStyleDefault;
				"INFOPLIST_KEY_UIStatusBarStyle[sdk=iphonesimulator*]" = UIStatusBarStyleDefault;
				INFOPLIST_KEY_UISupportedInterfaceOrientations_iPad = "UIInterfaceOrientationPortrait UIInterfaceOrientationPortraitUpsideDown UIInterfaceOrientationLandscapeLeft UIInterfaceOrientationLandscapeRight";
				INFOPLIST_KEY_UISupportedInterfaceOrientations_iPhone = "UIInterfaceOrientationPortrait UIInterfaceOrientationLandscapeLeft UIInterfaceOrientationLandscapeRight";
				IPHONEOS_DEPLOYMENT_TARGET = 26.2;
				LD_RUNPATH_SEARCH_PATHS = "@executable_path/Frameworks";
				"LD_RUNPATH_SEARCH_PATHS[sdk=macosx*]" = "@executable_path/../Frameworks";
				MACOSX_DEPLOYMENT_TARGET = 26.2;
				MARKETING_VERSION = 1.0;
				PRODUCT_BUNDLE_IDENTIFIER = io.embry.SampleCaliperApp;
				PRODUCT_NAME = "$(TARGET_NAME)";
				REGISTER_APP_GROUPS = YES;
				SDKROOT = auto;
				STRING_CATALOG_GENERATE_SYMBOLS = YES;
				SUPPORTED_PLATFORMS = "iphoneos iphonesimulator macosx xros xrsimulator";
				SWIFT_APPROACHABLE_CONCURRENCY = YES;
				SWIFT_DEFAULT_ACTOR_ISOLATION = MainActor;
				SWIFT_EMIT_LOC_STRINGS = YES;
				SWIFT_UPCOMING_FEATURE_MEMBER_IMPORT_VISIBILITY = YES;
				SWIFT_VERSION = 5.0;
				TARGETED_DEVICE_FAMILY = "1,2,7";
				XROS_DEPLOYMENT_TARGET = 26.2;
			};
			name = Debug;
		};
		136BB3B72FC4750A00078068 /* Release */ = {
			isa = XCBuildConfiguration;
			buildSettings = {
				ASSETCATALOG_COMPILER_APPICON_NAME = AppIcon;
				ASSETCATALOG_COMPILER_GLOBAL_ACCENT_COLOR_NAME = AccentColor;
				CODE_SIGN_STYLE = Automatic;
				CURRENT_PROJECT_VERSION = 1;
				DEVELOPMENT_TEAM = 989Q8YDUCA;
				ENABLE_APP_SANDBOX = YES;
				ENABLE_HARDENED_RUNTIME = YES;
				ENABLE_PREVIEWS = YES;
				ENABLE_USER_SELECTED_FILES = readonly;
				GENERATE_INFOPLIST_FILE = YES;
				"INFOPLIST_KEY_UIApplicationSceneManifest_Generation[sdk=iphoneos*]" = YES;
				"INFOPLIST_KEY_UIApplicationSceneManifest_Generation[sdk=iphonesimulator*]" = YES;
				"INFOPLIST_KEY_UIApplicationSupportsIndirectInputEvents[sdk=iphoneos*]" = YES;
				"INFOPLIST_KEY_UIApplicationSupportsIndirectInputEvents[sdk=iphonesimulator*]" = YES;
				"INFOPLIST_KEY_UILaunchScreen_Generation[sdk=iphoneos*]" = YES;
				"INFOPLIST_KEY_UILaunchScreen_Generation[sdk=iphonesimulator*]" = YES;
				"INFOPLIST_KEY_UIStatusBarStyle[sdk=iphoneos*]" = UIStatusBarStyleDefault;
				"INFOPLIST_KEY_UIStatusBarStyle[sdk=iphonesimulator*]" = UIStatusBarStyleDefault;
				INFOPLIST_KEY_UISupportedInterfaceOrientations_iPad = "UIInterfaceOrientationPortrait UIInterfaceOrientationPortraitUpsideDown UIInterfaceOrientationLandscapeLeft UIInterfaceOrientationLandscapeRight";
				INFOPLIST_KEY_UISupportedInterfaceOrientations_iPhone = "UIInterfaceOrientationPortrait UIInterfaceOrientationLandscapeLeft UIInterfaceOrientationLandscapeRight";
				IPHONEOS_DEPLOYMENT_TARGET = 26.2;
				LD_RUNPATH_SEARCH_PATHS = "@executable_path/Frameworks";
				"LD_RUNPATH_SEARCH_PATHS[sdk=macosx*]" = "@executable_path/../Frameworks";
				MACOSX_DEPLOYMENT_TARGET = 26.2;
				MARKETING_VERSION = 1.0;
				PRODUCT_BUNDLE_IDENTIFIER = io.embry.SampleCaliperApp;
				PRODUCT_NAME = "$(TARGET_NAME)";
				REGISTER_APP_GROUPS = YES;
				SDKROOT = auto;
				STRING_CATALOG_GENERATE_SYMBOLS = YES;
				SUPPORTED_PLATFORMS = "iphoneos iphonesimulator macosx xros xrsimulator";
				SWIFT_APPROACHABLE_CONCURRENCY = YES;
				SWIFT_DEFAULT_ACTOR_ISOLATION = MainActor;
				SWIFT_EMIT_LOC_STRINGS = YES;
				SWIFT_UPCOMING_FEATURE_MEMBER_IMPORT_VISIBILITY = YES;
				SWIFT_VERSION = 5.0;
				TARGETED_DEVICE_FAMILY = "1,2,7";
				XROS_DEPLOYMENT_TARGET = 26.2;
			};
			name = Release;
		};
		136BB3B92FC4750A00078068 /* Debug */ = {
			isa = XCBuildConfiguration;
			buildSettings = {
				BUNDLE_LOADER = "$(TEST_HOST)";
				CODE_SIGN_STYLE = Automatic;
				CURRENT_PROJECT_VERSION = 1;
				DEVELOPMENT_TEAM = 989Q8YDUCA;
				GENERATE_INFOPLIST_FILE = YES;
				IPHONEOS_DEPLOYMENT_TARGET = 26.2;
				MACOSX_DEPLOYMENT_TARGET = 26.2;
				MARKETING_VERSION = 1.0;
				PRODUCT_BUNDLE_IDENTIFIER = io.embry.SampleCaliperAppTests;
				PRODUCT_NAME = "$(TARGET_NAME)";
				SDKROOT = auto;
				STRING_CATALOG_GENERATE_SYMBOLS = NO;
				SUPPORTED_PLATFORMS = "iphoneos iphonesimulator macosx xros xrsimulator";
				SWIFT_APPROACHABLE_CONCURRENCY = YES;
				SWIFT_EMIT_LOC_STRINGS = NO;
				SWIFT_UPCOMING_FEATURE_MEMBER_IMPORT_VISIBILITY = YES;
				SWIFT_VERSION = 5.0;
				TARGETED_DEVICE_FAMILY = "1,2,7";
				TEST_HOST = "$(BUILT_PRODUCTS_DIR)/SampleCaliperApp.app/$(BUNDLE_EXECUTABLE_FOLDER_PATH)/SampleCaliperApp";
				XROS_DEPLOYMENT_TARGET = 26.2;
			};
			name = Debug;
		};
		136BB3BA2FC4750A00078068 /* Release */ = {
			isa = XCBuildConfiguration;
			buildSettings = {
				BUNDLE_LOADER = "$(TEST_HOST)";
				CODE_SIGN_STYLE = Automatic;
				CURRENT_PROJECT_VERSION = 1;
				DEVELOPMENT_TEAM = 989Q8YDUCA;
				GENERATE_INFOPLIST_FILE = YES;
				IPHONEOS_DEPLOYMENT_TARGET = 26.2;
				MACOSX_DEPLOYMENT_TARGET = 26.2;
				MARKETING_VERSION = 1.0;
				PRODUCT_BUNDLE_IDENTIFIER = io.embry.SampleCaliperAppTests;
				PRODUCT_NAME = "$(TARGET_NAME)";
				SDKROOT = auto;
				STRING_CATALOG_GENERATE_SYMBOLS = NO;
				SUPPORTED_PLATFORMS = "iphoneos iphonesimulator macosx xros xrsimulator";
				SWIFT_APPROACHABLE_CONCURRENCY = YES;
				SWIFT_EMIT_LOC_STRINGS = NO;
				SWIFT_UPCOMING_FEATURE_MEMBER_IMPORT_VISIBILITY = YES;
				SWIFT_VERSION = 5.0;
				TARGETED_DEVICE_FAMILY = "1,2,7";
				TEST_HOST = "$(BUILT_PRODUCTS_DIR)/SampleCaliperApp.app/$(BUNDLE_EXECUTABLE_FOLDER_PATH)/SampleCaliperApp";
				XROS_DEPLOYMENT_TARGET = 26.2;
			};
			name = Release;
		};
		136BB3BC2FC4750A00078068 /* Debug */ = {
			isa = XCBuildConfiguration;
			buildSettings = {
				CODE_SIGN_STYLE = Automatic;
				CURRENT_PROJECT_VERSION = 1;
				DEVELOPMENT_TEAM = 989Q8YDUCA;
				GENERATE_INFOPLIST_FILE = YES;
				IPHONEOS_DEPLOYMENT_TARGET = 26.2;
				MACOSX_DEPLOYMENT_TARGET = 26.2;
				MARKETING_VERSION = 1.0;
				PRODUCT_BUNDLE_IDENTIFIER = io.embry.SampleCaliperAppUITests;
				PRODUCT_NAME = "$(TARGET_NAME)";
				SDKROOT = auto;
				STRING_CATALOG_GENERATE_SYMBOLS = NO;
				SUPPORTED_PLATFORMS = "iphoneos iphonesimulator macosx xros xrsimulator";
				SWIFT_APPROACHABLE_CONCURRENCY = YES;
				SWIFT_EMIT_LOC_STRINGS = NO;
				SWIFT_UPCOMING_FEATURE_MEMBER_IMPORT_VISIBILITY = YES;
				SWIFT_VERSION = 5.0;
				TARGETED_DEVICE_FAMILY = "1,2,7";
				TEST_TARGET_NAME = SampleCaliperApp;
				XROS_DEPLOYMENT_TARGET = 26.2;
			};
			name = Debug;
		};
		136BB3BD2FC4750A00078068 /* Release */ = {
			isa = XCBuildConfiguration;
			buildSettings = {
				CODE_SIGN_STYLE = Automatic;
				CURRENT_PROJECT_VERSION = 1;
				DEVELOPMENT_TEAM = 989Q8YDUCA;
				GENERATE_INFOPLIST_FILE = YES;
				IPHONEOS_DEPLOYMENT_TARGET = 26.2;
				MACOSX_DEPLOYMENT_TARGET = 26.2;
				MARKETING_VERSION = 1.0;
				PRODUCT_BUNDLE_IDENTIFIER = io.embry.SampleCaliperAppUITests;
				PRODUCT_NAME = "$(TARGET_NAME)";
				SDKROOT = auto;
				STRING_CATALOG_GENERATE_SYMBOLS = NO;
				SUPPORTED_PLATFORMS = "iphoneos iphonesimulator macosx xros xrsimulator";
				SWIFT_APPROACHABLE_CONCURRENCY = YES;
				SWIFT_EMIT_LOC_STRINGS = NO;
				SWIFT_UPCOMING_FEATURE_MEMBER_IMPORT_VISIBILITY = YES;
				SWIFT_VERSION = 5.0;
				TARGETED_DEVICE_FAMILY = "1,2,7";
				TEST_TARGET_NAME = SampleCaliperApp;
				XROS_DEPLOYMENT_TARGET = 26.2;
			};
			name = Release;
		};
/* End XCBuildConfiguration section */

/* Begin XCConfigurationList section */
		136BB38F2FC4750900078068 /* Build configuration list for PBXProject "SampleCaliperApp" */ = {
			isa = XCConfigurationList;
			buildConfigurations = (
				136BB3B32FC4750A00078068 /* Debug */,
				136BB3B42FC4750A00078068 /* Release */,
			);
			defaultConfigurationIsVisible = 0;
			defaultConfigurationName = Release;
		};
		136BB3B52FC4750A00078068 /* Build configuration list for PBXNativeTarget "SampleCaliperApp" */ = {
			isa = XCConfigurationList;
			buildConfigurations = (
				136BB3B62FC4750A00078068 /* Debug */,
				136BB3B72FC4750A00078068 /* Release */,
			);
			defaultConfigurationIsVisible = 0;
			defaultConfigurationName = Release;
		};
		136BB3B82FC4750A00078068 /* Build configuration list for PBXNativeTarget "SampleCaliperAppTests" */ = {
			isa = XCConfigurationList;
			buildConfigurations = (
				136BB3B92FC4750A00078068 /* Debug */,
				136BB3BA2FC4750A00078068 /* Release */,
			);
			defaultConfigurationIsVisible = 0;
			defaultConfigurationName = Release;
		};
		136BB3BB2FC4750A00078068 /* Build configuration list for PBXNativeTarget "SampleCaliperAppUITests" */ = {
			isa = XCConfigurationList;
			buildConfigurations = (
				136BB3BC2FC4750A00078068 /* Debug */,
				136BB3BD2FC4750A00078068 /* Release */,
			);
			defaultConfigurationIsVisible = 0;
			defaultConfigurationName = Release;
		};
/* End XCConfigurationList section */

/* Begin XCLocalSwiftPackageReference section */
		136BB3C62FC47AC200078068 /* XCLocalSwiftPackageReference "../../../../Caliper" */ = {
			isa = XCLocalSwiftPackageReference;
			relativePath = ../../../../Caliper;
		};
/* End XCLocalSwiftPackageReference section */

/* Begin XCSwiftPackageProductDependency section */
		136BB3C72FC47AC200078068 /* Caliper */ = {
			isa = XCSwiftPackageProductDependency;
			productName = Caliper;
		};
		136BB3C92FC47AC200078068 /* CaliperCore */ = {
			isa = XCSwiftPackageProductDependency;
			productName = CaliperCore;
		};
		136BB3CB2FC47AC200078068 /* CaliperDashboards */ = {
			isa = XCSwiftPackageProductDependency;
			productName = CaliperDashboards;
		};
		136BB3CD2FC47AC200078068 /* CaliperExporters */ = {
			isa = XCSwiftPackageProductDependency;
			productName = CaliperExporters;
		};
		136BB3CF2FC47AC200078068 /* CaliperRuntimeAdapters */ = {
			isa = XCSwiftPackageProductDependency;
			productName = CaliperRuntimeAdapters;
		};
		136BB3D12FC47AC200078068 /* CaliperTelemetry */ = {
			isa = XCSwiftPackageProductDependency;
			productName = CaliperTelemetry;
		};
		136BB3D32FC47AC200078068 /* CaliperValidators */ = {
			isa = XCSwiftPackageProductDependency;
			productName = CaliperValidators;
		};
		136BB3D52FC47AC200078068 /* CaliperWorkloads */ = {
			isa = XCSwiftPackageProductDependency;
			productName = CaliperWorkloads;
		};
/* End XCSwiftPackageProductDependency section */
	};
	rootObject = 136BB38C2FC4750900078068 /* Project object */;
}
